// !$*UTF8*$!
{
	archiveVersion = 1;
	classes = {
	};
	objectVersion = 50;
	objects = {

/* Begin PBXBuildFile section */
		ACAC97F12820E21200412079 /* TableViewController.m in Sources */ = {isa = PBXBuildFile; fileRef = ACAC97F02820E21200412079 /* TableViewController.m */; };
		ACD259F0281CC22D00D6DF3D /* AppDelegate.swift in Sources */ = {isa = PBXBuildFile; fileRef = ACD259EF281CC22D00D6DF3D /* AppDelegate.swift */; };
		ACD259F2281CC22D00D6DF3D /* SceneDelegate.swift in Sources */ = {isa = PBXBuildFile; fileRef = ACD259F1281CC22D00D6DF3D /* SceneDelegate.swift */; };
		ACD259F4281CC22D00D6DF3D /* ViewController.swift in Sources */ = {isa = PBXBuildFile; fileRef = ACD259F3281CC22D00D6DF3D /* ViewController.swift */; };
		ACD259F7281CC22D00D6DF3D /* Main.storyboard in Resources */ = {isa = PBXBuildFile; fileRef = ACD259F5281CC22D00D6DF3D /* Main.storyboard */; };
		ACD259F9281CC22E00D6DF3D /* Assets.xcassets in Resources */ = {isa = PBXBuildFile; fileRef = ACD259F8281CC22E00D6DF3D /* Assets.xcassets */; };
		ACD259FC281CC22E00D6DF3D /* LaunchScreen.storyboard in Resources */ = {isa = PBXBuildFile; fileRef = ACD259FA281CC22E00D6DF3D /* LaunchScreen.storyboard */; };
		ACD25A07281CC22E00D6DF3D /* MyTabelTests.swift in Sources */ = {isa = PBXBuildFile; fileRef = ACD25A06281CC22E00D6DF3D /* MyTabelTests.swift */; };
		ACD25A12281CC22E00D6DF3D /* MyTabelUITests.swift in Sources */ = {isa = PBXBuildFile; fileRef = ACD25A11281CC22E00D6DF3D /* MyTabelUITests.swift */; };
/* End PBXBuildFile section */

/* Begin PBXContainerItemProxy section */
		ACD25A03281CC22E00D6DF3D /* PBXContainerItemProxy */ = {
			isa = PBXContainerItemProxy;
			containerPortal = ACD259E4281CC22C00D6DF3D /* Project object */;
			proxyType = 1;
			remoteGlobalIDString = ACD259EB281CC22D00D6DF3D;
			remoteInfo = MyTabel;
		};
		ACD25A0E281CC22E00D6DF3D /* PBXContainerItemProxy */ = {
			isa = PBXContainerItemProxy;
			containerPortal = ACD259E4281CC22C00D6DF3D /* Project object */;
			proxyType = 1;
			remoteGlobalIDString = ACD259EB281CC22D00D6DF3D;
			remoteInfo = MyTabel;
		};
/* End PBXContainerItemProxy section */

/* Begin PBXFileReference section */
		ACAC97EE2820E21100412079 /* MyTabel-Bridging-Header.h */ = {isa = PBXFileReference; lastKnownFileType = sourcecode.c.h; path = "MyTabel-Bridging-Header.h"; sourceTree = "<group>"; };
		ACAC97EF2820E21200412079 /* TableViewController.h */ = {isa = PBXFileReference; lastKnownFileType = sourcecode.c.h; path = TableViewController.h; sourceTree = "<group>"; };
		ACAC97F02820E21200412079 /* TableViewController.m */ = {isa = PBXFileReference; lastKnownFileType = sourcecode.c.objc; path = TableViewController.m; sourceTree = "<group>"; };
		ACD259EC281CC22D00D6DF3D /* MyTabel.app */ = {isa = PBXFileReference; explicitFileType = wrapper.application; includeInIndex = 0; path = MyTabel.app; sourceTree = BUILT_PRODUCTS_DIR; };
		ACD259EF281CC22D00D6DF3D /* AppDelegate.swift */ = {isa = PBXFileReference; lastKnownFileType = sourcecode.swift; path = AppDelegate.swift; sourceTree = "<group>"; };
		ACD259F1281CC22D00D6DF3D /* SceneDelegate.swift */ = {isa = PBXFileReference; lastKnownFileType = sourcecode.swift; path = SceneDelegate.swift; sourceTree = "<group>"; };
		ACD259F3281CC22D00D6DF3D /* ViewController.swift */ = {isa = PBXFileReference; lastKnownFileType = sourcecode.swift; path = ViewController.swift; sourceTree = "<group>"; };
		ACD259F6281CC22D00D6DF3D /* Base */ = {isa = PBXFileReference; lastKnownFileType = file.storyboard; name = Base; path = Base.lproj/Main.storyboard; sourceTree = "<group>"; };
		ACD259F8281CC22E00D6DF3D /* Assets.xcassets */ = {isa = PBXFileReference; lastKnownFileType = folder.assetcatalog; path = Assets.xcassets; sourceTree = "<group>"; };
		ACD259FB281CC22E00D6DF3D /* Base */ = {isa = PBXFileReference; lastKnownFileType = file.storyboard; name = Base; path = Base.lproj/LaunchScreen.storyboard; sourceTree = "<group>"; };
		ACD259FD281CC22E00D6DF3D /* Info.plist */ = {isa = PBXFileReference; lastKnownFileType = text.plist.xml; path = Info.plist; sourceTree = "<group>"; };
		ACD25A02281CC22E00D6DF3D /* MyTabelTests.xctest */ = {isa = PBXFileReference; explicitFileType = wrapper.cfbundle; includeInIndex = 0; path = MyTabelTests.xctest; sourceTree = BUILT_PRODUCTS_DIR; };
		ACD25A06281CC22E00D6DF3D /* MyTabelTests.swift */ = {isa = PBXFileReference; lastKnownFileType = sourcecode.swift; path = MyTabelTests.swift; sourceTree = "<group>"; };
		ACD25A08281CC22E00D6DF3D /* Info.plist */ = {isa = PBXFileReference; lastKnownFileType = text.plist.xml; path = Info.plist; sourceTree = "<group>"; };
		ACD25A0D281CC22E00D6DF3D /* MyTabelUITests.xctest */ = {isa = PBXFileReference; explicitFileType = wrapper.cfbundle; includeInIndex = 0; path = MyTabelUITests.xctest; sourceTree = BUILT_PRODUCTS_DIR; };
		ACD25A11281CC22E00D6DF3D /* MyTabelUITests.swift */ = {isa = PBXFileReference; lastKnownFileType = sourcecode.swift; path = MyTabelUITests.swift; sourceTree = "<group>"; };
		ACD25A13281CC22E00D6DF3D /* Info.plist */ = {isa = PBXFileReference; lastKnownFileType = text.plist.xml; path = Info.plist; sourceTree = "<group>"; };
/* End PBXFileReference section */

/* Begin PBXFrameworksBuildPhase section */
		ACD259E9281CC22D00D6DF3D /* Frameworks */ = {
			isa = PBXFrameworksBuildPhase;
			buildActionMask = 2147483647;
			files = (
			);
			runOnlyForDeploymentPostprocessing = 0;
		};
		ACD259FF281CC22E00D6DF3D /* Frameworks */ = {
			isa = PBXFrameworksBuildPhase;
			buildActionMask = 2147483647;
			files = (
			);
			runOnlyForDeploymentPostprocessing = 0;
		};
		ACD25A0A281CC22E00D6DF3D /* Frameworks */ = {
			isa = PBXFrameworksBuildPhase;
			buildActionMask = 2147483647;
			files = (
			);
			runOnlyForDeploymentPostprocessing = 0;
		};
/* End PBXFrameworksBuildPhase section */

/* Begin PBXGroup section */
		ACD259E3281CC22C00D6DF3D = {
			isa = PBXGroup;
			children = (
				ACD259EE281CC22D00D6DF3D /* MyTabel */,
				ACD25A05281CC22E00D6DF3D /* MyTabelTests */,
				ACD25A10281CC22E00D6DF3D /* MyTabelUITests */,
				ACD259ED281CC22D00D6DF3D /* Products */,
			);
			sourceTree = "<group>";
		};
		ACD259ED281CC22D00D6DF3D /* Products */ = {
			isa = PBXGroup;
			children = (
				ACD259EC281CC22D00D6DF3D /* MyTabel.app */,
				ACD25A02281CC22E00D6DF3D /* MyTabelTests.xctest */,
				ACD25A0D281CC22E00D6DF3D /* MyTabelUITests.xctest */,
			);
			name = Products;
			sourceTree = "<group>";
		};
		ACD259EE281CC22D00D6DF3D /* MyTabel */ = {
			isa = PBXGroup;
			children = (
				ACD259EF281CC22D00D6DF3D /* AppDelegate.swift */,
				ACD259F1281CC22D00D6DF3D /* SceneDelegate.swift */,
				ACD259F3281CC22D00D6DF3D /* ViewController.swift */,
				ACD259F5281CC22D00D6DF3D /* Main.storyboard */,
				ACAC97EF2820E21200412079 /* TableViewController.h */,
				ACAC97F02820E21200412079 /* TableViewController.m */,
				ACD259F8281CC22E00D6DF3D /* Assets.xcassets */,
				ACD259FA281CC22E00D6DF3D /* LaunchScreen.storyboard */,
				ACD259FD281CC22E00D6DF3D /* Info.plist */,
				ACAC97EE2820E21100412079 /* MyTabel-Bridging-Header.h */,
			);
			path = MyTabel;
			sourceTree = "<group>";
		};
		ACD25A05281CC22E00D6DF3D /* MyTabelTests */ = {
			isa = PBXGroup;
			children = (
				ACD25A06281CC22E00D6DF3D /* MyTabelTests.swift */,
				ACD25A08281CC22E00D6DF3D /* Info.plist */,
			);
			path = MyTabelTests;
			sourceTree = "<group>";
		};
		ACD25A10281CC22E00D6DF3D /* MyTabelUITests */ = {
			isa = PBXGroup;
			children = (
				ACD25A11281CC22E00D6DF3D /* MyTabelUITests.swift */,
				ACD25A13281CC22E00D6DF3D /* Info.plist */,
			);
			path = MyTabelUITests;
			sourceTree = "<group>";
		};
/* End PBXGroup section */

/* Begin PBXNativeTarget section */
		ACD259EB281CC22D00D6DF3D /* MyTabel */ = {
			isa = PBXNativeTarget;
			buildConfigurationList = ACD25A16281CC22E00D6DF3D /* Build configuration list for PBXNativeTarget "MyTabel" */;
			buildPhases = (
				ACD259E8281CC22D00D6DF3D /* Sources */,
				ACD259E9281CC22D00D6DF3D /* Frameworks */,
				ACD259EA281CC22D00D6DF3D /* Resources */,
			);
			buildRules = (
			);
			dependencies = (
			);
			name = MyTabel;
			productName = MyTabel;
			productReference = ACD259EC281CC22D00D6DF3D /* MyTabel.app */;
			productType = "com.apple.product-type.application";
		};
		ACD25A01281CC22E00D6DF3D /* MyTabelTests */ = {
			isa = PBXNativeTarget;
			buildConfigurationList = ACD25A19281CC22E00D6DF3D /* Build configuration list for PBXNativeTarget "MyTabelTests" */;
			buildPhases = (
				ACD259FE281CC22E00D6DF3D /* Sources */,
				ACD259FF281CC22E00D6DF3D /* Frameworks */,
				ACD25A00281CC22E00D6DF3D /* Resources */,
			);
			buildRules = (
			);
			dependencies = (
				ACD25A04281CC22E00D6DF3D /* PBXTargetDependency */,
			);
			name = MyTabelTests;
			productName = MyTabelTests;
			productReference = ACD25A02281CC22E00D6DF3D /* MyTabelTests.xctest */;
			productType = "com.apple.product-type.bundle.unit-test";
		};
		ACD25A0C281CC22E00D6DF3D /* MyTabelUITests */ = {
			isa = PBXNativeTarget;
			buildConfigurationList = ACD25A1C281CC22E00D6DF3D /* Build configuration list for PBXNativeTarget "MyTabelUITests" */;
			buildPhases = (
				ACD25A09281CC22E00D6DF3D /* Sources */,
				ACD25A0A281CC22E00D6DF3D /* Frameworks */,
				ACD25A0B281CC22E00D6DF3D /* Resources */,
			);
			buildRules = (
			);
			dependencies = (
				ACD25A0F281CC22E00D6DF3D /* PBXTargetDependency */,
			);
			name = MyTabelUITests;
			productName = MyTabelUITests;
			productReference = ACD25A0D281CC22E00D6DF3D /* MyTabelUITests.xctest */;
			productType = "com.apple.product-type.bundle.ui-testing";
		};
/* End PBXNativeTarget section */

/* Begin PBXProject section */
		ACD259E4281CC22C00D6DF3D /* Project object */ = {
			isa = PBXProject;
			attributes = {
				LastSwiftUpdateCheck = 1240;
				LastUpgradeCheck = 1240;
				TargetAttributes = {
					ACD259EB281CC22D00D6DF3D = {
						CreatedOnToolsVersion = 12.4;
						LastSwiftMigration = 1240;
					};
					ACD25A01281CC22E00D6DF3D = {
						CreatedOnToolsVersion = 12.4;
						TestTargetID = ACD259EB281CC22D00D6DF3D;
					};
					ACD25A0C281CC22E00D6DF3D = {
						CreatedOnToolsVersion = 12.4;
						TestTargetID = ACD259EB281CC22D00D6DF3D;
					};
				};
			};
			buildConfigurationList = ACD259E7281CC22C00D6DF3D /* Build configuration list for PBXProject "MyTabel" */;
			compatibilityVersion = "Xcode 9.3";
			developmentRegion = en;
			hasScannedForEncodings = 0;
			knownRegions = (
				en,
				Base,
			);
			mainGroup = ACD259E3281CC22C00D6DF3D;
			productRefGroup = ACD259ED281CC22D00D6DF3D /* Products */;
			projectDirPath = "";
			projectRoot = "";
			targets = (
				ACD259EB281CC22D00D6DF3D /* MyTabel */,
				ACD25A01281CC22E00D6DF3D /* MyTabelTests */,
				ACD25A0C281CC22E00D6DF3D /* MyTabelUITests */,
			);
		};
/* End PBXProject section */

/* Begin PBXResourcesBuildPhase section */
		ACD259EA281CC22D00D6DF3D /* Resources */ = {
			isa = PBXResourcesBuildPhase;
			buildActionMask = 2147483647;
			files = (
				ACD259FC281CC22E00D6DF3D /* LaunchScreen.storyboard in Resources */,
				ACD259F9281CC22E00D6DF3D /* Assets.xcassets in Resources */,
				ACD259F7281CC22D00D6DF3D /* Main.storyboard in Resources */,
			);
			runOnlyForDeploymentPostprocessing = 0;
		};
		ACD25A00281CC22E00D6DF3D /* Resources */ = {
			isa = PBXResourcesBuildPhase;
			buildActionMask = 2147483647;
			files = (
			);
			runOnlyForDeploymentPostprocessing = 0;
		};
		ACD25A0B281CC22E00D6DF3D /* Resources */ = {
			isa = PBXResourcesBuildPhase;
			buildActionMask = 2147483647;
			files = (
			);
			runOnlyForDeploymentPostprocessing = 0;
		};
/* End PBXResourcesBuildPhase section */

/* Begin PBXSourcesBuildPhase section */
		ACD259E8281CC22D00D6DF3D /* Sources */ = {
			isa = PBXSourcesBuildPhase;
			buildActionMask = 2147483647;
			files = (
				ACD259F4281CC22D00D6DF3D /* ViewController.swift in Sources */,
				ACD259F0281CC22D00D6DF3D /* AppDelegate.swift in Sources */,
				ACD259F2281CC22D00D6DF3D /* SceneDelegate.swift in Sources */,
				ACAC97F12820E21200412079 /* TableViewController.m in Sources */,
			);
			runOnlyForDeploymentPostprocessing = 0;
		};
		ACD259FE281CC22E00D6DF3D /* Sources */ = {
			isa = PBXSourcesBuildPhase;
			buildActionMask = 2147483647;
			files = (
				ACD25A07281CC22E00D6DF3D /* MyTabelTests.swift in Sources */,
			);
			runOnlyForDeploymentPostprocessing = 0;
		};
		ACD25A09281CC22E00D6DF3D /* Sources */ = {
			isa = PBXSourcesBuildPhase;
			buildActionMask = 2147483647;
			files = (
				ACD25A12281CC22E00D6DF3D /* MyTabelUITests.swift in Sources */,
			);
			runOnlyForDeploymentPostprocessing = 0;
		};
/* End PBXSourcesBuildPhase section */

/* Begin PBXTargetDependency section */
		ACD25A04281CC22E00D6DF3D /* PBXTargetDependency */ = {
			isa = PBXTargetDependency;
			target = ACD259EB281CC22D00D6DF3D /* MyTabel */;
			targetProxy = ACD25A03281CC22E00D6DF3D /* PBXContainerItemProxy */;
		};
		ACD25A0F281CC22E00D6DF3D /* PBXTargetDependency */ = {
			isa = PBXTargetDependency;
			target = ACD259EB281CC22D00D6DF3D /* MyTabel */;
			targetProxy = ACD25A0E281CC22E00D6DF3D /* PBXContainerItemProxy */;
		};
/* End PBXTargetDependency section */

/* Begin PBXVariantGroup section */
		ACD259F5281CC22D00D6DF3D /* Main.storyboard */ = {
			isa = PBXVariantGroup;
			children = (
				ACD259F6281CC22D00D6DF3D /* Base */,
			);
			name = Main.storyboard;
			sourceTree = "<group>";
		};
		ACD259FA281CC22E00D6DF3D /* LaunchScreen.storyboard */ = {
			isa = PBXVariantGroup;
			children = (
				ACD259FB281CC22E00D6DF3D /* Base */,
			);
			name = LaunchScreen.storyboard;
			sourceTree = "<group>";
		};
/* End PBXVariantGroup section */

/* Begin XCBuildConfiguration section */
		ACD25A14281CC22E00D6DF3D /* Debug */ = {
			isa = XCBuildConfiguration;
			buildSettings = {
				ALWAYS_SEARCH_USER_PATHS = NO;
				CLANG_ANALYZER_NONNULL = YES;
				CLANG_ANALYZER_NUMBER_OBJECT_CONVERSION = YES_AGGRESSIVE;
				CLANG_CXX_LANGUAGE_STANDARD = "gnu++14";
				CLANG_CXX_LIBRARY = "libc++";
				CLANG_ENABLE_MODULES = YES;
				CLANG_ENABLE_OBJC_ARC = YES;
				CLANG_ENABLE_OBJC_WEAK = YES;
				CLANG_WARN_BLOCK_CAPTURE_AUTORELEASING = YES;
				CLANG_WARN_BOOL_CONVERSION = YES;
				CLANG_WARN_COMMA = YES;
				CLANG_WARN_CONSTANT_CONVERSION = YES;
				CLANG_WARN_DEPRECATED_OBJC_IMPLEMENTATIONS = YES;
				CLANG_WARN_DIRECT_OBJC_ISA_USAGE = YES_ERROR;
				CLANG_WARN_DOCUMENTATION_COMMENTS = YES;
				CLANG_WARN_EMPTY_BODY = YES;
				CLANG_WARN_ENUM_CONVERSION = YES;
				CLANG_WARN_INFINITE_RECURSION = YES;
				CLANG_WARN_INT_CONVERSION = YES;
				CLANG_WARN_NON_LITERAL_NULL_CONVERSION = YES;
				CLANG_WARN_OBJC_IMPLICIT_RETAIN_SELF = YES;
				CLANG_WARN_OBJC_LITERAL_CONVERSION = YES;
				CLANG_WARN_OBJC_ROOT_CLASS = YES_ERROR;
				CLANG_WARN_QUOTED_INCLUDE_IN_FRAMEWORK_HEADER = YES;
				CLANG_WARN_RANGE_LOOP_ANALYSIS = YES;
				CLANG_WARN_STRICT_PROTOTYPES = YES;
				CLANG_WARN_SUSPICIOUS_MOVE = YES;
				CLANG_WARN_UNGUARDED_AVAILABILITY = YES_AGGRESSIVE;
				CLANG_WARN_UNREACHABLE_CODE = YES;
				CLANG_WARN__DUPLICATE_METHOD_MATCH = YES;
				COPY_PHASE_STRIP = NO;
				DEBUG_INFORMATION_FORMAT = dwarf;
				ENABLE_STRICT_OBJC_MSGSEND = YES;
				ENABLE_TESTABILITY = YES;
				GCC_C_LANGUAGE_STANDARD = gnu11;
				GCC_DYNAMIC_NO_PIC = NO;
				GCC_NO_COMMON_BLOCKS = YES;
				GCC_OPTIMIZATION_LEVEL = 0;
				GCC_PREPROCESSOR_DEFINITIONS = (
					"DEBUG=1",
					"$(inherited)",
				);
				GCC_WARN_64_TO_32_BIT_CONVERSION = YES;
				GCC_WARN_ABOUT_RETURN_TYPE = YES_ERROR;
				GCC_WARN_UNDECLARED_SELECTOR = YES;
				GCC_WARN_UNINITIALIZED_AUTOS = YES_AGGRESSIVE;
				GCC_WARN_UNUSED_FUNCTION = YES;
				GCC_WARN_UNUSED_VARIABLE = YES;
				IPHONEOS_DEPLOYMENT_TARGET = 14.4;
				MTL_ENABLE_DEBUG_INFO = INCLUDE_SOURCE;
				MTL_FAST_MATH = YES;
				ONLY_ACTIVE_ARCH = YES;
				SDKROOT = iphoneos;
				SWIFT_ACTIVE_COMPILATION_CONDITIONS = DEBUG;
				SWIFT_OPTIMIZATION_LEVEL = "-Onone";
			};
			name = Debug;
		};
		ACD25A15281CC22E00D6DF3D /* Release */ = {
			isa = XCBuildConfiguration;
			buildSettings = {
				ALWAYS_SEARCH_USER_PATHS = NO;
				CLANG_ANALYZER_NONNULL = YES;
				CLANG_ANALYZER_NUMBER_OBJECT_CONVERSION = YES_AGGRESSIVE;
				CLANG_CXX_LANGUAGE_STANDARD = "gnu++14";
				CLANG_CXX_LIBRARY = "libc++";
				CLANG_ENABLE_MODULES = YES;
				CLANG_ENABLE_OBJC_ARC = YES;
				CLANG_ENABLE_OBJC_WEAK = YES;
				CLANG_WARN_BLOCK_CAPTURE_AUTORELEASING = YES;
				CLANG_WARN_BOOL_CONVERSION = YES;
				CLANG_WARN_COMMA = YES;
				CLANG_WARN_CONSTANT_CONVERSION = YES;
				CLANG_WARN_DEPRECATED_OBJC_IMPLEMENTATIONS = YES;
				CLANG_WARN_DIRECT_OBJC_ISA_USAGE = YES_ERROR;
				CLANG_WARN_DOCUMENTATION_COMMENTS = YES;
				CLANG_WARN_EMPTY_BODY = YES;
				CLANG_WARN_ENUM_CONVERSION = YES;
				CLANG_WARN_INFINITE_RECURSION = YES;
				CLANG_WARN_INT_CONVERSION = YES;
				CLANG_WARN_NON_LITERAL_NULL_CONVERSION = YES;
				CLANG_WARN_OBJC_IMPLICIT_RETAIN_SELF = YES;
				CLANG_WARN_OBJC_LITERAL_CONVERSION = YES;
				CLANG_WARN_OBJC_ROOT_CLASS = YES_ERROR;
				CLANG_WARN_QUOTED_INCLUDE_IN_FRAMEWORK_HEADER = YES;
				CLANG_WARN_RANGE_LOOP_ANALYSIS = YES;
				CLANG_WARN_STRICT_PROTOTYPES = YES;
				CLANG_WARN_SUSPICIOUS_MOVE = YES;
				CLANG_WARN_UNGUARDED_AVAILABILITY = YES_AGGRESSIVE;
				CLANG_WARN_UNREACHABLE_CODE = YES;
				CLANG_WARN__DUPLICATE_METHOD_MATCH = YES;
				COPY_PHASE_STRIP = NO;
				DEBUG_INFORMATION_FORMAT = "dwarf-with-dsym";
				ENABLE_NS_ASSERTIONS = NO;
				ENABLE_STRICT_OBJC_MSGSEND = YES;
				GCC_C_LANGUAGE_STANDARD = gnu11;
				GCC_NO_COMMON_BLOCKS = YES;
				GCC_WARN_64_TO_32_BIT_CONVERSION = YES;
				GCC_WARN_ABOUT_RETURN_TYPE = YES_ERROR;
				GCC_WARN_UNDECLARED_SELECTOR = YES;
				GCC_WARN_UNINITIALIZED_AUTOS = YES_AGGRESSIVE;
				GCC_WARN_UNUSED_FUNCTION = YES;
				GCC_WARN_UNUSED_VARIABLE = YES;
				IPHONEOS_DEPLOYMENT_TARGET = 14.4;
				MTL_ENABLE_DEBUG_INFO = NO;
				MTL_FAST_MATH = YES;
				SDKROOT = iphoneos;
				SWIFT_COMPILATION_MODE = wholemodule;
				SWIFT_OPTIMIZATION_LEVEL = "-O";
				VALIDATE_PRODUCT = YES;
			};
			name = Release;
		};
		ACD25A17281CC22E00D6DF3D /* Debug */ = {
			isa = XCBuildConfiguration;
			buildSettings = {
				ASSETCATALOG_COMPILER_APPICON_NAME = AppIcon;
				ASSETCATALOG_COMPILER_GLOBAL_ACCENT_COLOR_NAME = AccentColor;
				CLANG_ENABLE_MODULES = YES;
				CODE_SIGN_STYLE = Automatic;
				INFOPLIST_FILE = MyTabel/Info.plist;
				LD_RUNPATH_SEARCH_PATHS = (
					"$(inherited)",
					"@executable_path/Frameworks",
				);
				PRODUCT_BUNDLE_IDENTIFIER = mongus.MyTabel;
				PRODUCT_NAME = "$(TARGET_NAME)";
				SWIFT_OBJC_BRIDGING_HEADER = "MyTabel/MyTabel-Bridging-Header.h";
				SWIFT_OPTIMIZATION_LEVEL = "-Onone";
				SWIFT_VERSION = 5.0;
				TARGETED_DEVICE_FAMILY = "1,2";
			};
			name = Debug;
		};
		ACD25A18281CC22E00D6DF3D /* Release */ = {
			isa = XCBuildConfiguration;
			buildSettings = {
				ASSETCATALOG_COMPILER_APPICON_NAME = AppIcon;
				ASSETCATALOG_COMPILER_GLOBAL_ACCENT_COLOR_NAME = AccentColor;
				CLANG_ENABLE_MODULES = YES;
				CODE_SIGN_STYLE = Automatic;
				INFOPLIST_FILE = MyTabel/Info.plist;
				LD_RUNPATH_SEARCH_PATHS = (
					"$(inherited)",
					"@executable_path/Frameworks",
				);
				PRODUCT_BUNDLE_IDENTIFIER = mongus.MyTabel;
				PRODUCT_NAME = "$(TARGET_NAME)";
				SWIFT_OBJC_BRIDGING_HEADER = "MyTabel/MyTabel-Bridging-Header.h";
				SWIFT_VERSION = 5.0;
				TARGETED_DEVICE_FAMILY = "1,2";
			};
			name = Release;
		};
		ACD25A1A281CC22E00D6DF3D /* Debug */ = {
			isa = XCBuildConfiguration;
			buildSettings = {
				ALWAYS_EMBED_SWIFT_STANDARD_LIBRARIES = YES;
				BUNDLE_LOADER = "$(TEST_HOST)";
				CODE_SIGN_STYLE = Automatic;
				INFOPLIST_FILE = MyTabelTests/Info.plist;
				IPHONEOS_DEPLOYMENT_TARGET = 14.4;
				LD_RUNPATH_SEARCH_PATHS = (
					"$(inherited)",
					"@executable_path/Frameworks",
					"@loader_path/Frameworks",
				);
				PRODUCT_BUNDLE_IDENTIFIER = mongus.MyTabelTests;
				PRODUCT_NAME = "$(TARGET_NAME)";
				SWIFT_VERSION = 5.0;
				TARGETED_DEVICE_FAMILY = "1,2";
				TEST_HOST = "$(BUILT_PRODUCTS_DIR)/MyTabel.app/MyTabel";
			};
			name = Debug;
		};
		ACD25A1B281CC22E00D6DF3D /* Release */ = {
			isa = XCBuildConfiguration;
			buildSettings = {
				ALWAYS_EMBED_SWIFT_STANDARD_LIBRARIES = YES;
				BUNDLE_LOADER = "$(TEST_HOST)";
				CODE_SIGN_STYLE = Automatic;
				INFOPLIST_FILE = MyTabelTests/Info.plist;
				IPHONEOS_DEPLOYMENT_TARGET = 14.4;
				LD_RUNPATH_SEARCH_PATHS = (
					"$(inherited)",
					"@executable_path/Frameworks",
					"@loader_path/Frameworks",
				);
				PRODUCT_BUNDLE_IDENTIFIER = mongus.MyTabelTests;
				PRODUCT_NAME = "$(TARGET_NAME)";
				SWIFT_VERSION = 5.0;
				TARGETED_DEVICE_FAMILY = "1,2";
				TEST_HOST = "$(BUILT_PRODUCTS_DIR)/MyTabel.app/MyTabel";
			};
			name = Release;
		};
		ACD25A1D281CC22E00D6DF3D /* Debug */ = {
			isa = XCBuildConfiguration;
			buildSettings = {
				ALWAYS_EMBED_SWIFT_STANDARD_LIBRARIES = YES;
				CODE_SIGN_STYLE = Automatic;
				INFOPLIST_FILE = MyTabelUITests/Info.plist;
				LD_RUNPATH_SEARCH_PATHS = (
					"$(inherited)",
					"@executable_path/Frameworks",
					"@loader_path/Frameworks",
				);
				PRODUCT_BUNDLE_IDENTIFIER = mongus.MyTabelUITests;
				PRODUCT_NAME = "$(TARGET_NAME)";
				SWIFT_VERSION = 5.0;
				TARGETED_DEVICE_FAMILY = "1,2";
				TEST_TARGET_NAME = MyTabel;
			};
			name = Debug;
		};
		ACD25A1E281CC22E00D6DF3D /* Release */ = {
			isa = XCBuildConfiguration;
			buildSettings = {
				ALWAYS_EMBED_SWIFT_STANDARD_LIBRARIES = YES;
				CODE_SIGN_STYLE = Automatic;
				INFOPLIST_FILE = MyTabelUITests/Info.plist;
				LD_RUNPATH_SEARCH_PATHS = (
					"$(inherited)",
					"@executable_path/Frameworks",
					"@loader_path/Frameworks",
				);
				PRODUCT_BUNDLE_IDENTIFIER = mongus.MyTabelUITests;
				PRODUCT_NAME = "$(TARGET_NAME)";
				SWIFT_VERSION = 5.0;
				TARGETED_DEVICE_FAMILY = "1,2";
				TEST_TARGET_NAME = MyTabel;
			};
			name = Release;
		};
/* End XCBuildConfiguration section */

/* Begin XCConfigurationList section */
		ACD259E7281CC22C00D6DF3D /* Build configuration list for PBXProject "MyTabel" */ = {
			isa = XCConfigurationList;
			buildConfigurations = (
				ACD25A14281CC22E00D6DF3D /* Debug */,
				ACD25A15281CC22E00D6DF3D /* Release */,
			);
			defaultConfigurationIsVisible = 0;
			defaultConfigurationName = Release;
		};
		ACD25A16281CC22E00D6DF3D /* Build configuration list for PBXNativeTarget "MyTabel" */ = {
			isa = XCConfigurationList;
			buildConfigurations = (
				ACD25A17281CC22E00D6DF3D /* Debug */,
				ACD25A18281CC22E00D6DF3D /* Release */,
			);
			defaultConfigurationIsVisible = 0;
			defaultConfigurationName = Release;
		};
		ACD25A19281CC22E00D6DF3D /* Build configuration list for PBXNativeTarget "MyTabelTests" */ = {
			isa = XCConfigurationList;
			buildConfigurations = (
				ACD25A1A281CC22E00D6DF3D /* Debug */,
				ACD25A1B281CC22E00D6DF3D /* Release */,
			);
			defaultConfigurationIsVisible = 0;
			defaultConfigurationName = Release;
		};
		ACD25A1C281CC22E00D6DF3D /* Build configuration list for PBXNativeTarget "MyTabelUITests" */ = {
			isa = XCConfigurationList;
			buildConfigurations = (
				ACD25A1D281CC22E00D6DF3D /* Debug */,
				ACD25A1E281CC22E00D6DF3D /* Release */,
			);
			defaultConfigurationIsVisible = 0;
			defaultConfigurationName = Release;
		};
/* End XCConfigurationList section */
	};
	rootObject = ACD259E4281CC22C00D6DF3D /* Project object */;
}
